
Microsoft Visual Studio Solution File, Format Version 12.00
# Visual Studio Version 17
VisualStudioVersion = 17.4.33122.133
MinimumVisualStudioVersion = 10.0.40219.1
Project("{FAE04EC0-301F-11D3-BF4B-00C04F79EFBC}") = "Semana3deberCM.Android", "Semana3deberCM\Semana3deberCM.Android\Semana3deberCM.Android.csproj", "{EC109DF8-FD7E-4CE6-8487-8F397E2A0F4E}"
EndProject
Project("{FAE04EC0-301F-11D3-BF4B-00C04F79EFBC}") = "Semana3deberCM.iOS", "Semana3deberCM\Semana3deberCM.iOS\Semana3deberCM.iOS.csproj", "{7C017916-A968-4831-9DEB-7851A8DC0F4E}"
EndProject
Project("{FAE04EC0-301F-11D3-BF4B-00C04F79EFBC}") = "Semana3deberCM", "Semana3deberCM\Semana3deberCM\Semana3deberCM.csproj", "{BE863426-E42A-4AFF-8383-308D5207C45A}"
EndProject
Global
	GlobalSection(SolutionConfigurationPlatforms) = preSolution
		Debug|Any CPU = Debug|Any CPU
		Debug|iPhone = Debug|iPhone
		Debug|iPhoneSimulator = Debug|iPhoneSimulator
		Release|Any CPU = Release|Any CPU
		Release|iPhone = Release|iPhone
		Release|iPhoneSimulator = Release|iPhoneSimulator
	EndGlobalSection
	GlobalSection(ProjectConfigurationPlatforms) = postSolution
		{EC109DF8-FD7E-4CE6-8487-8F397E2A0F4E}.Debug|Any CPU.ActiveCfg = Debug|Any CPU
		{EC109DF8-FD7E-4CE6-8487-8F397E2A0F4E}.Debug|Any CPU.Build.0 = Debug|Any CPU
		{EC109DF8-FD7E-4CE6-8487-8F397E2A0F4E}.Debug|Any CPU.Deploy.0 = Debug|Any CPU
		{EC109DF8-FD7E-4CE6-8487-8F397E2A0F4E}.Debug|iPhone.ActiveCfg = Debug|Any CPU
		{EC109DF8-FD7E-4CE6-8487-8F397E2A0F4E}.Debug|iPhone.Build.0 = Debug|Any CPU
		{EC109DF8-FD7E-4CE6-8487-8F397E2A0F4E}.Debug|iPhone.Deploy.0 = Debug|Any CPU
		{EC109DF8-FD7E-4CE6-8487-8F397E2A0F4E}.Debug|iPhoneSimulator.ActiveCfg = Debug|Any CPU
		{EC109DF8-FD7E-4CE6-8487-8F397E2A0F4E}.Debug|iPhoneSimulator.Build.0 = Debug|Any CPU
		{EC109DF8-FD7E-4CE6-8487-8F397E2A0F4E}.Debug|iPhoneSimulator.Deploy.0 = Debug|Any CPU
		{EC109DF8-FD7E-4CE6-8487-8F397E2A0F4E}.Release|Any CPU.ActiveCfg = Release|Any CPU
		{EC109DF8-FD7E-4CE6-8487-8F397E2A0F4E}.Release|Any CPU.Build.0 = Release|Any CPU
		{EC109DF8-FD7E-4CE6-8487-8F397E2A0F4E}.Release|Any CPU.Deploy.0 = Release|Any CPU
		{EC109DF8-FD7E-4CE6-8487-8F397E2A0F4E}.Release|iPhone.ActiveCfg = Release|Any CPU
		{EC109DF8-FD7E-4CE6-8487-8F397E2A0F4E}.Release|iPhone.Build.0 = Release|Any CPU
		{EC109DF8-FD7E-4CE6-8487-8F397E2A0F4E}.Release|iPhone.Deploy.0 = Release|Any CPU
		{EC109DF8-FD7E-4CE6-8487-8F397E2A0F4E}.Release|iPhoneSimulator.ActiveCfg = Release|Any CPU
		{EC109DF8-FD7E-4CE6-8487-8F397E2A0F4E}.Release|iPhoneSimulator.Build.0 = Release|Any CPU
		{EC109DF8-FD7E-4CE6-8487-8F397E2A0F4E}.Release|iPhoneSimulator.Deploy.0 = Release|Any CPU
		{7C017916-A968-4831-9DEB-7851A8DC0F4E}.Debug|Any CPU.ActiveCfg = Debug|iPhone
		{7C017916-A968-4831-9DEB-7851A8DC0F4E}.Debug|Any CPU.Build.0 = Debug|iPhone
		{7C017916-A968-4831-9DEB-7851A8DC0F4E}.Debug|Any CPU.Deploy.0 = Debug|iPhone
		{7C017916-A968-4831-9DEB-7851A8DC0F4E}.Debug|iPhone.ActiveCfg = Debug|iPhone
		{7C017916-A968-4831-9DEB-7851A8DC0F4E}.Debug|iPhone.Build.0 = Debug|iPhone
		{7C017916-A968-4831-9DEB-7851A8DC0F4E}.Debug|iPhone.Deploy.0 = Debug|iPhone
		{7C017916-A968-4831-9DEB-7851A8DC0F4E}.Debug|iPhoneSimulator.ActiveCfg = Debug|iPhoneSimulator
		{7C017916-A968-4831-9DEB-7851A8DC0F4E}.Debug|iPhoneSimulator.Build.0 = Debug|iPhoneSimulator
		{7C017916-A968-4831-9DEB-7851A8DC0F4E}.Debug|iPhoneSimulator.Deploy.0 = Debug|iPhoneSimulator
		{7C017916-A968-4831-9DEB-7851A8DC0F4E}.Release|Any CPU.ActiveCfg = Release|iPhoneSimulator
		{7C017916-A968-4831-9DEB-7851A8DC0F4E}.Release|Any CPU.Build.0 = Release|iPhoneSimulator
		{7C017916-A968-4831-9DEB-7851A8DC0F4E}.Release|Any CPU.Deploy.0 = Release|iPhoneSimulator
		{7C017916-A968-4831-9DEB-7851A8DC0F4E}.Release|iPhone.ActiveCfg = Release|iPhone
		{7C017916-A968-4831-9DEB-7851A8DC0F4E}.Release|iPhone.Build.0 = Release|iPhone
		{7C017916-A968-4831-9DEB-7851A8DC0F4E}.Release|iPhone.Deploy.0 = Release|iPhone
		{7C017916-A968-4831-9DEB-7851A8DC0F4E}.Release|iPhoneSimulator.ActiveCfg = Release|iPhoneSimulator
		{7C017916-A968-4831-9DEB-7851A8DC0F4E}.Release|iPhoneSimulator.Build.0 = Release|iPhoneSimulator
		{7C017916-A968-4831-9DEB-7851A8DC0F4E}.Release|iPhoneSimulator.Deploy.0 = Release|iPhoneSimulator
		{BE863426-E42A-4AFF-8383-308D5207C45A}.Debug|Any CPU.ActiveCfg = Debug|Any CPU
		{BE863426-E42A-4AFF-8383-308D5207C45A}.Debug|Any CPU.Build.0 = Debug|Any CPU
		{BE863426-E42A-4AFF-8383-308D5207C45A}.Debug|Any CPU.Deploy.0 = Debug|Any CPU
		{BE863426-E42A-4AFF-8383-308D5207C45A}.Debug|iPhone.ActiveCfg = Debug|Any CPU
		{BE863426-E42A-4AFF-8383-308D5207C45A}.Debug|iPhone.Build.0 = Debug|Any CPU
		{BE863426-E42A-4AFF-8383-308D5207C45A}.Debug|iPhone.Deploy.0 = Debug|Any CPU
		{BE863426-E42A-4AFF-8383-308D5207C45A}.Debug|iPhoneSimulator.ActiveCfg = Debug|Any CPU
		{BE863426-E42A-4AFF-8383-308D5207C45A}.Debug|iPhoneSimulator.Build.0 = Debug|Any CPU
		{BE863426-E42A-4AFF-8383-308D5207C45A}.Debug|iPhoneSimulator.Deploy.0 = Debug|Any CPU
		{BE863426-E42A-4AFF-8383-308D5207C45A}.Release|Any CPU.ActiveCfg = Release|Any CPU
		{BE863426-E42A-4AFF-8383-308D5207C45A}.Release|Any CPU.Build.0 = Release|Any CPU
		{BE863426-E42A-4AFF-8383-308D5207C45A}.Release|Any CPU.Deploy.0 = Release|Any CPU
		{BE863426-E42A-4AFF-8383-308D5207C45A}.Release|iPhone.ActiveCfg = Release|Any CPU
		{BE863426-E42A-4AFF-8383-308D5207C45A}.Release|iPhone.Build.0 = Release|Any CPU
		{BE863426-E42A-4AFF-8383-308D5207C45A}.Release|iPhone.Deploy.0 = Release|Any CPU
		{BE863426-E42A-4AFF-8383-308D5207C45A}.Release|iPhoneSimulator.ActiveCfg = Release|Any CPU
		{BE863426-E42A-4AFF-8383-308D5207C45A}.Release|iPhoneSimulator.Build.0 = Release|Any CPU
		{BE863426-E42A-4AFF-8383-308D5207C45A}.Release|iPhoneSimulator.Deploy.0 = Release|Any CPU
	EndGlobalSection
	GlobalSection(SolutionProperties) = preSolution
		HideSolutionNode = FALSE
	EndGlobalSection
	GlobalSection(ExtensibilityGlobals) = postSolution
		SolutionGuid = {F1F124AD-B5CE-4158-A8CC-E212EE817EA3}
	EndGlobalSection
EndGlobal
